
Microsoft Visual Studio Solution File, Format Version 12.00
# Visual Studio Version 16
VisualStudioVersion = 16.0.31005.135
MinimumVisualStudioVersion = 10.0.40219.1
Project("{9A19103F-16F7-4668-BE54-9A1E7A4F7556}") = "Ex1", "Ex1\Ex1.csproj", "{3AA7A088-AF6D-4A1C-9F49-C543EA8A8DB8}"
EndProject
Project("{9A19103F-16F7-4668-BE54-9A1E7A4F7556}") = "Ex2", "Ex2\Ex2.csproj", "{FFE8F8DC-9CED-49A4-8216-B81A923B1CD1}"
EndProject
Project("{9A19103F-16F7-4668-BE54-9A1E7A4F7556}") = "Ex3", "Ex3\Ex3.csproj", "{96F8034C-6695-4361-BCE3-B1DFF7B0C48B}"
EndProject
Project("{2150E333-8FDC-42A3-9474-1A3956D46DE8}") = "Solution Items", "Solution Items", "{99483D27-B36F-4358-9FB3-489A26511E22}"
	ProjectSection(SolutionItems) = preProject
		.editorconfig = .editorconfig
	EndProjectSection
EndProject
Global
	GlobalSection(SolutionConfigurationPlatforms) = preSolution
		Debug|Any CPU = Debug|Any CPU
		Release|Any CPU = Release|Any CPU
	EndGlobalSection
	GlobalSection(ProjectConfigurationPlatforms) = postSolution
		{3AA7A088-AF6D-4A1C-9F49-C543EA8A8DB8}.Debug|Any CPU.ActiveCfg = Debug|Any CPU
		{3AA7A088-AF6D-4A1C-9F49-C543EA8A8DB8}.Debug|Any CPU.Build.0 = Debug|Any CPU
		{3AA7A088-AF6D-4A1C-9F49-C543EA8A8DB8}.Release|Any CPU.ActiveCfg = Release|Any CPU
		{3AA7A088-AF6D-4A1C-9F49-C543EA8A8DB8}.Release|Any CPU.Build.0 = Release|Any CPU
		{FFE8F8DC-9CED-49A4-8216-B81A923B1CD1}.Debug|Any CPU.ActiveCfg = Debug|Any CPU
		{FFE8F8DC-9CED-49A4-8216-B81A923B1CD1}.Debug|Any CPU.Build.0 = Debug|Any CPU
		{FFE8F8DC-9CED-49A4-8216-B81A923B1CD1}.Release|Any CPU.ActiveCfg = Release|Any CPU
		{FFE8F8DC-9CED-49A4-8216-B81A923B1CD1}.Release|Any CPU.Build.0 = Release|Any CPU
		{96F8034C-6695-4361-BCE3-B1DFF7B0C48B}.Debug|Any CPU.ActiveCfg = Debug|Any CPU
		{96F8034C-6695-4361-BCE3-B1DFF7B0C48B}.Debug|Any CPU.Build.0 = Debug|Any CPU
		{96F8034C-6695-4361-BCE3-B1DFF7B0C48B}.Release|Any CPU.ActiveCfg = Release|Any CPU
		{96F8034C-6695-4361-BCE3-B1DFF7B0C48B}.Release|Any CPU.Build.0 = Release|Any CPU
	EndGlobalSection
	GlobalSection(SolutionProperties) = preSolution
		HideSolutionNode = FALSE
	EndGlobalSection
	GlobalSection(ExtensibilityGlobals) = postSolution
		SolutionGuid = {0E9A5BC1-C4DF-4BB1-B513-B6C65E212CF4}
	EndGlobalSection
EndGlobal
